// !$*UTF8*$!
{
	archiveVersion = 1;
	classes = {
	};
	objectVersion = 48;
	objects = {

/* Begin PBXBuildFile section */
		072F182B2079A3260011CE47 /* CardView.swift in Sources */ = {isa = PBXBuildFile; fileRef = 072F18292079A3260011CE47 /* CardView.swift */; };
		072F182C2079A3260011CE47 /* RoundButton.swift in Sources */ = {isa = PBXBuildFile; fileRef = 072F182A2079A3260011CE47 /* RoundButton.swift */; };
		2714067D207988FF00B45808 /* Keyboard.swift in Sources */ = {isa = PBXBuildFile; fileRef = 2714067C207988FF00B45808 /* Keyboard.swift */; };
		2714067F20798A5900B45808 /* NumPad.xib in Resources */ = {isa = PBXBuildFile; fileRef = 2714067B207988FE00B45808 /* NumPad.xib */; };
		27F0F0D6207A69C100E9ED69 /* ProfileViewController.swift in Sources */ = {isa = PBXBuildFile; fileRef = 27F0F0D5207A69C100E9ED69 /* ProfileViewController.swift */; };
		2E908CC6FC35565D0A103B4A /* Pods_PotsTests.framework in Frameworks */ = {isa = PBXBuildFile; fileRef = 59E13EF6B97C220F59706EB0 /* Pods_PotsTests.framework */; };
		74D4C70B346CE638B5C2B496 /* Pods_PotsUITests.framework in Frameworks */ = {isa = PBXBuildFile; fileRef = 58949EF8F4B0AA6E69DB1B74 /* Pods_PotsUITests.framework */; };
		94139DDA2078C198001A6491 /* AppDelegate.swift in Sources */ = {isa = PBXBuildFile; fileRef = 94139DD92078C198001A6491 /* AppDelegate.swift */; };
		94139DDC2078C198001A6491 /* HomeVC.swift in Sources */ = {isa = PBXBuildFile; fileRef = 94139DDB2078C198001A6491 /* HomeVC.swift */; };
		94139DDF2078C198001A6491 /* Main.storyboard in Resources */ = {isa = PBXBuildFile; fileRef = 94139DDD2078C198001A6491 /* Main.storyboard */; };
		94139DE12078C198001A6491 /* Assets.xcassets in Resources */ = {isa = PBXBuildFile; fileRef = 94139DE02078C198001A6491 /* Assets.xcassets */; };
		94139DE42078C198001A6491 /* LaunchScreen.storyboard in Resources */ = {isa = PBXBuildFile; fileRef = 94139DE22078C198001A6491 /* LaunchScreen.storyboard */; };
		94139DEF2078C199001A6491 /* PotsTests.swift in Sources */ = {isa = PBXBuildFile; fileRef = 94139DEE2078C199001A6491 /* PotsTests.swift */; };
		94139DFA2078C199001A6491 /* PotsUITests.swift in Sources */ = {isa = PBXBuildFile; fileRef = 94139DF92078C199001A6491 /* PotsUITests.swift */; };
		94139E092078C46A001A6491 /* HomeGeneralCell.swift in Sources */ = {isa = PBXBuildFile; fileRef = 94139E072078C46A001A6491 /* HomeGeneralCell.swift */; };
		94139E0A2078C46A001A6491 /* HomeGeneralCell.xib in Resources */ = {isa = PBXBuildFile; fileRef = 94139E082078C46A001A6491 /* HomeGeneralCell.xib */; };
		946F440D2078D9A900B9D921 /* PostVC.swift in Sources */ = {isa = PBXBuildFile; fileRef = 946F440C2078D9A900B9D921 /* PostVC.swift */; };
		946F44112078DA9A00B9D921 /* AddPriceVC.swift in Sources */ = {isa = PBXBuildFile; fileRef = 946F44102078DA9A00B9D921 /* AddPriceVC.swift */; };
		946F44142078DC9E00B9D921 /* PotDetailVC.swift in Sources */ = {isa = PBXBuildFile; fileRef = 946F44132078DC9E00B9D921 /* PotDetailVC.swift */; };
		946F44182079626900B9D921 /* ContributorsView.xib in Resources */ = {isa = PBXBuildFile; fileRef = 946F44172079626900B9D921 /* ContributorsView.xib */; };
		946F441A2079636A00B9D921 /* ContributorsView.swift in Sources */ = {isa = PBXBuildFile; fileRef = 946F44192079636A00B9D921 /* ContributorsView.swift */; };
		946F441D2079745600B9D921 /* HomeDetail.storyboard in Resources */ = {isa = PBXBuildFile; fileRef = 946F441B2079745600B9D921 /* HomeDetail.storyboard */; };
		946F4420207974A400B9D921 /* DetailOverviewCell.swift in Sources */ = {isa = PBXBuildFile; fileRef = 946F441E207974A400B9D921 /* DetailOverviewCell.swift */; };
		946F4421207974A400B9D921 /* DetailOverviewCell.xib in Resources */ = {isa = PBXBuildFile; fileRef = 946F441F207974A400B9D921 /* DetailOverviewCell.xib */; };
		946F44252079750600B9D921 /* DetailGeneralCell.swift in Sources */ = {isa = PBXBuildFile; fileRef = 946F44232079750600B9D921 /* DetailGeneralCell.swift */; };
		946F44262079750600B9D921 /* DetailGeneralCell.xib in Resources */ = {isa = PBXBuildFile; fileRef = 946F44242079750600B9D921 /* DetailGeneralCell.xib */; };
		9E81339D2A9D0D8A6E315F0A /* Pods_Pots.framework in Frameworks */ = {isa = PBXBuildFile; fileRef = 75D708759AC80A197430CFF8 /* Pods_Pots.framework */; };
/* End PBXBuildFile section */

/* Begin PBXContainerItemProxy section */
		94139DEB2078C199001A6491 /* PBXContainerItemProxy */ = {
			isa = PBXContainerItemProxy;
			containerPortal = 94139DCE2078C198001A6491 /* Project object */;
			proxyType = 1;
			remoteGlobalIDString = 94139DD52078C198001A6491;
			remoteInfo = Pots;
		};
		94139DF62078C199001A6491 /* PBXContainerItemProxy */ = {
			isa = PBXContainerItemProxy;
			containerPortal = 94139DCE2078C198001A6491 /* Project object */;
			proxyType = 1;
			remoteGlobalIDString = 94139DD52078C198001A6491;
			remoteInfo = Pots;
		};
/* End PBXContainerItemProxy section */

/* Begin PBXFileReference section */
		072F18292079A3260011CE47 /* CardView.swift */ = {isa = PBXFileReference; lastKnownFileType = sourcecode.swift; path = CardView.swift; sourceTree = "<group>"; };
		072F182A2079A3260011CE47 /* RoundButton.swift */ = {isa = PBXFileReference; lastKnownFileType = sourcecode.swift; path = RoundButton.swift; sourceTree = "<group>"; };
		2714067B207988FE00B45808 /* NumPad.xib */ = {isa = PBXFileReference; lastKnownFileType = file.xib; path = NumPad.xib; sourceTree = "<group>"; };
		2714067C207988FF00B45808 /* Keyboard.swift */ = {isa = PBXFileReference; lastKnownFileType = sourcecode.swift; path = Keyboard.swift; sourceTree = "<group>"; };
		27F0F0D5207A69C100E9ED69 /* ProfileViewController.swift */ = {isa = PBXFileReference; lastKnownFileType = sourcecode.swift; path = ProfileViewController.swift; sourceTree = "<group>"; };
		293D01E510C5F738F742F436 /* Pods-Pots.debug.xcconfig */ = {isa = PBXFileReference; includeInIndex = 1; lastKnownFileType = text.xcconfig; name = "Pods-Pots.debug.xcconfig"; path = "Pods/Target Support Files/Pods-Pots/Pods-Pots.debug.xcconfig"; sourceTree = "<group>"; };
		58949EF8F4B0AA6E69DB1B74 /* Pods_PotsUITests.framework */ = {isa = PBXFileReference; explicitFileType = wrapper.framework; includeInIndex = 0; path = Pods_PotsUITests.framework; sourceTree = BUILT_PRODUCTS_DIR; };
		59E13EF6B97C220F59706EB0 /* Pods_PotsTests.framework */ = {isa = PBXFileReference; explicitFileType = wrapper.framework; includeInIndex = 0; path = Pods_PotsTests.framework; sourceTree = BUILT_PRODUCTS_DIR; };
		75D708759AC80A197430CFF8 /* Pods_Pots.framework */ = {isa = PBXFileReference; explicitFileType = wrapper.framework; includeInIndex = 0; path = Pods_Pots.framework; sourceTree = BUILT_PRODUCTS_DIR; };
		92129C76D017D3056BF7E6A7 /* Pods-PotsTests.release.xcconfig */ = {isa = PBXFileReference; includeInIndex = 1; lastKnownFileType = text.xcconfig; name = "Pods-PotsTests.release.xcconfig"; path = "Pods/Target Support Files/Pods-PotsTests/Pods-PotsTests.release.xcconfig"; sourceTree = "<group>"; };
		94139DD62078C198001A6491 /* Pots.app */ = {isa = PBXFileReference; explicitFileType = wrapper.application; includeInIndex = 0; path = Pots.app; sourceTree = BUILT_PRODUCTS_DIR; };
		94139DD92078C198001A6491 /* AppDelegate.swift */ = {isa = PBXFileReference; lastKnownFileType = sourcecode.swift; path = AppDelegate.swift; sourceTree = "<group>"; };
		94139DDB2078C198001A6491 /* HomeVC.swift */ = {isa = PBXFileReference; lastKnownFileType = sourcecode.swift; path = HomeVC.swift; sourceTree = "<group>"; };
		94139DDE2078C198001A6491 /* Base */ = {isa = PBXFileReference; lastKnownFileType = file.storyboard; name = Base; path = Base.lproj/Main.storyboard; sourceTree = "<group>"; };
		94139DE02078C198001A6491 /* Assets.xcassets */ = {isa = PBXFileReference; lastKnownFileType = folder.assetcatalog; path = Assets.xcassets; sourceTree = "<group>"; };
		94139DE32078C198001A6491 /* Base */ = {isa = PBXFileReference; lastKnownFileType = file.storyboard; name = Base; path = Base.lproj/LaunchScreen.storyboard; sourceTree = "<group>"; };
		94139DE52078C198001A6491 /* Info.plist */ = {isa = PBXFileReference; lastKnownFileType = text.plist.xml; path = Info.plist; sourceTree = "<group>"; };
		94139DEA2078C199001A6491 /* PotsTests.xctest */ = {isa = PBXFileReference; explicitFileType = wrapper.cfbundle; includeInIndex = 0; path = PotsTests.xctest; sourceTree = BUILT_PRODUCTS_DIR; };
		94139DEE2078C199001A6491 /* PotsTests.swift */ = {isa = PBXFileReference; lastKnownFileType = sourcecode.swift; path = PotsTests.swift; sourceTree = "<group>"; };
		94139DF02078C199001A6491 /* Info.plist */ = {isa = PBXFileReference; lastKnownFileType = text.plist.xml; path = Info.plist; sourceTree = "<group>"; };
		94139DF52078C199001A6491 /* PotsUITests.xctest */ = {isa = PBXFileReference; explicitFileType = wrapper.cfbundle; includeInIndex = 0; path = PotsUITests.xctest; sourceTree = BUILT_PRODUCTS_DIR; };
		94139DF92078C199001A6491 /* PotsUITests.swift */ = {isa = PBXFileReference; lastKnownFileType = sourcecode.swift; path = PotsUITests.swift; sourceTree = "<group>"; };
		94139DFB2078C199001A6491 /* Info.plist */ = {isa = PBXFileReference; lastKnownFileType = text.plist.xml; path = Info.plist; sourceTree = "<group>"; };
		94139E072078C46A001A6491 /* HomeGeneralCell.swift */ = {isa = PBXFileReference; lastKnownFileType = sourcecode.swift; path = HomeGeneralCell.swift; sourceTree = "<group>"; };
		94139E082078C46A001A6491 /* HomeGeneralCell.xib */ = {isa = PBXFileReference; lastKnownFileType = file.xib; path = HomeGeneralCell.xib; sourceTree = "<group>"; };
		946F440C2078D9A900B9D921 /* PostVC.swift */ = {isa = PBXFileReference; lastKnownFileType = sourcecode.swift; path = PostVC.swift; sourceTree = "<group>"; };
		946F44102078DA9A00B9D921 /* AddPriceVC.swift */ = {isa = PBXFileReference; lastKnownFileType = sourcecode.swift; path = AddPriceVC.swift; sourceTree = "<group>"; };
		946F44132078DC9E00B9D921 /* PotDetailVC.swift */ = {isa = PBXFileReference; lastKnownFileType = sourcecode.swift; path = PotDetailVC.swift; sourceTree = "<group>"; };
		946F44172079626900B9D921 /* ContributorsView.xib */ = {isa = PBXFileReference; lastKnownFileType = file.xib; path = ContributorsView.xib; sourceTree = "<group>"; };
		946F44192079636A00B9D921 /* ContributorsView.swift */ = {isa = PBXFileReference; lastKnownFileType = sourcecode.swift; path = ContributorsView.swift; sourceTree = "<group>"; };
		946F441C2079745600B9D921 /* Base */ = {isa = PBXFileReference; lastKnownFileType = file.storyboard; name = Base; path = Pots/Base.lproj/HomeDetail.storyboard; sourceTree = "<group>"; };
		946F441E207974A400B9D921 /* DetailOverviewCell.swift */ = {isa = PBXFileReference; lastKnownFileType = sourcecode.swift; path = DetailOverviewCell.swift; sourceTree = "<group>"; };
		946F441F207974A400B9D921 /* DetailOverviewCell.xib */ = {isa = PBXFileReference; lastKnownFileType = file.xib; path = DetailOverviewCell.xib; sourceTree = "<group>"; };
		946F44232079750600B9D921 /* DetailGeneralCell.swift */ = {isa = PBXFileReference; lastKnownFileType = sourcecode.swift; path = DetailGeneralCell.swift; sourceTree = "<group>"; };
		946F44242079750600B9D921 /* DetailGeneralCell.xib */ = {isa = PBXFileReference; lastKnownFileType = file.xib; path = DetailGeneralCell.xib; sourceTree = "<group>"; };
		946F44292079EB2000B9D921 /* Pots-Bridging-Header.h */ = {isa = PBXFileReference; fileEncoding = 4; lastKnownFileType = sourcecode.c.h; path = "Pots-Bridging-Header.h"; sourceTree = "<group>"; };
		BB209C5415F5014C669A2DF1 /* Pods-PotsUITests.release.xcconfig */ = {isa = PBXFileReference; includeInIndex = 1; lastKnownFileType = text.xcconfig; name = "Pods-PotsUITests.release.xcconfig"; path = "Pods/Target Support Files/Pods-PotsUITests/Pods-PotsUITests.release.xcconfig"; sourceTree = "<group>"; };
		C71DA9D4CF99F6DB528E5FEB /* Pods-Pots.release.xcconfig */ = {isa = PBXFileReference; includeInIndex = 1; lastKnownFileType = text.xcconfig; name = "Pods-Pots.release.xcconfig"; path = "Pods/Target Support Files/Pods-Pots/Pods-Pots.release.xcconfig"; sourceTree = "<group>"; };
		C88C5960F8EDB338816968FD /* Pods-PotsUITests.debug.xcconfig */ = {isa = PBXFileReference; includeInIndex = 1; lastKnownFileType = text.xcconfig; name = "Pods-PotsUITests.debug.xcconfig"; path = "Pods/Target Support Files/Pods-PotsUITests/Pods-PotsUITests.debug.xcconfig"; sourceTree = "<group>"; };
		F160A2BB33F6918D4887A8CC /* Pods-PotsTests.debug.xcconfig */ = {isa = PBXFileReference; includeInIndex = 1; lastKnownFileType = text.xcconfig; name = "Pods-PotsTests.debug.xcconfig"; path = "Pods/Target Support Files/Pods-PotsTests/Pods-PotsTests.debug.xcconfig"; sourceTree = "<group>"; };
/* End PBXFileReference section */

/* Begin PBXFrameworksBuildPhase section */
		94139DD32078C198001A6491 /* Frameworks */ = {
			isa = PBXFrameworksBuildPhase;
			buildActionMask = 2147483647;
			files = (
				9E81339D2A9D0D8A6E315F0A /* Pods_Pots.framework in Frameworks */,
			);
			runOnlyForDeploymentPostprocessing = 0;
		};
		94139DE72078C199001A6491 /* Frameworks */ = {
			isa = PBXFrameworksBuildPhase;
			buildActionMask = 2147483647;
			files = (
				2E908CC6FC35565D0A103B4A /* Pods_PotsTests.framework in Frameworks */,
			);
			runOnlyForDeploymentPostprocessing = 0;
		};
		94139DF22078C199001A6491 /* Frameworks */ = {
			isa = PBXFrameworksBuildPhase;
			buildActionMask = 2147483647;
			files = (
				74D4C70B346CE638B5C2B496 /* Pods_PotsUITests.framework in Frameworks */,
			);
			runOnlyForDeploymentPostprocessing = 0;
		};
/* End PBXFrameworksBuildPhase section */

/* Begin PBXGroup section */
		08FF2B9B785055229394EC0B /* Frameworks */ = {
			isa = PBXGroup;
			children = (
				75D708759AC80A197430CFF8 /* Pods_Pots.framework */,
				59E13EF6B97C220F59706EB0 /* Pods_PotsTests.framework */,
				58949EF8F4B0AA6E69DB1B74 /* Pods_PotsUITests.framework */,
			);
			name = Frameworks;
			sourceTree = "<group>";
		};
		94139DCD2078C198001A6491 = {
			isa = PBXGroup;
			children = (
				946F44292079EB2000B9D921 /* Pots-Bridging-Header.h */,
				94139DD82078C198001A6491 /* Pots */,
				94139DED2078C199001A6491 /* PotsTests */,
				94139DF82078C199001A6491 /* PotsUITests */,
				94139DD72078C198001A6491 /* Products */,
				F2DAFA779AE86DBD10DC6538 /* Pods */,
				08FF2B9B785055229394EC0B /* Frameworks */,
			);
			sourceTree = "<group>";
		};
		94139DD72078C198001A6491 /* Products */ = {
			isa = PBXGroup;
			children = (
				94139DD62078C198001A6491 /* Pots.app */,
				94139DEA2078C199001A6491 /* PotsTests.xctest */,
				94139DF52078C199001A6491 /* PotsUITests.xctest */,
			);
			name = Products;
			sourceTree = "<group>";
		};
		94139DD82078C198001A6491 /* Pots */ = {
			isa = PBXGroup;
			children = (
				94139E0C2078C4A3001A6491 /* Home */,
				946F44152078DCA500B9D921 /* PotDetail */,
				946F440F2078D9B200B9D921 /* Post */,
				946F44122078DA9E00B9D921 /* Price */,
				94139DDD2078C198001A6491 /* Main.storyboard */,
				27F0F0D5207A69C100E9ED69 /* ProfileViewController.swift */,
				94139DE02078C198001A6491 /* Assets.xcassets */,
				94139DE52078C198001A6491 /* Info.plist */,
				946F441620793F9700B9D921 /* Supporting Files */,
			);
			path = Pots;
			sourceTree = "<group>";
		};
		94139DED2078C199001A6491 /* PotsTests */ = {
			isa = PBXGroup;
			children = (
				94139DEE2078C199001A6491 /* PotsTests.swift */,
				94139DF02078C199001A6491 /* Info.plist */,
			);
			path = PotsTests;
			sourceTree = "<group>";
		};
		94139DF82078C199001A6491 /* PotsUITests */ = {
			isa = PBXGroup;
			children = (
				94139DF92078C199001A6491 /* PotsUITests.swift */,
				94139DFB2078C199001A6491 /* Info.plist */,
			);
			path = PotsUITests;
			sourceTree = "<group>";
		};
		94139E0B2078C492001A6491 /* Cell */ = {
			isa = PBXGroup;
			children = (
				94139E072078C46A001A6491 /* HomeGeneralCell.swift */,
				94139E082078C46A001A6491 /* HomeGeneralCell.xib */,
			);
			path = Cell;
			sourceTree = "<group>";
		};
		94139E0C2078C4A3001A6491 /* Home */ = {
			isa = PBXGroup;
			children = (
				94139E0D2078C4AE001A6491 /* Controller */,
				94139E0E2078C55D001A6491 /* View */,
			);
			path = Home;
			sourceTree = "<group>";
		};
		94139E0D2078C4AE001A6491 /* Controller */ = {
			isa = PBXGroup;
			children = (
				94139DDB2078C198001A6491 /* HomeVC.swift */,
			);
			path = Controller;
			sourceTree = "<group>";
		};
		94139E0E2078C55D001A6491 /* View */ = {
			isa = PBXGroup;
			children = (
				946F44172079626900B9D921 /* ContributorsView.xib */,
				946F44192079636A00B9D921 /* ContributorsView.swift */,
				94139E0B2078C492001A6491 /* Cell */,
			);
			path = View;
			sourceTree = "<group>";
		};
		946F440E2078D9AC00B9D921 /* Controller */ = {
			isa = PBXGroup;
			children = (
				946F440C2078D9A900B9D921 /* PostVC.swift */,
				072F18292079A3260011CE47 /* CardView.swift */,
				072F182A2079A3260011CE47 /* RoundButton.swift */,
			);
			path = Controller;
			sourceTree = "<group>";
		};
		946F440F2078D9B200B9D921 /* Post */ = {
			isa = PBXGroup;
			children = (
				946F440E2078D9AC00B9D921 /* Controller */,
			);
			path = Post;
			sourceTree = "<group>";
		};
		946F44122078DA9E00B9D921 /* Price */ = {
			isa = PBXGroup;
			children = (
				946F44102078DA9A00B9D921 /* AddPriceVC.swift */,
				2714067C207988FF00B45808 /* Keyboard.swift */,
				2714067B207988FE00B45808 /* NumPad.xib */,
			);
			path = Price;
			sourceTree = "<group>";
		};
		946F44152078DCA500B9D921 /* PotDetail */ = {
			isa = PBXGroup;
			children = (
				946F44132078DC9E00B9D921 /* PotDetailVC.swift */,
				946F441B2079745600B9D921 /* HomeDetail.storyboard */,
				946F4422207974A800B9D921 /* Cell */,
			);
			path = PotDetail;
			sourceTree = "<group>";
		};
		946F441620793F9700B9D921 /* Supporting Files */ = {
			isa = PBXGroup;
			children = (
				94139DD92078C198001A6491 /* AppDelegate.swift */,
				94139DE22078C198001A6491 /* LaunchScreen.storyboard */,
			);
			path = "Supporting Files";
			sourceTree = "<group>";
		};
		946F4422207974A800B9D921 /* Cell */ = {
			isa = PBXGroup;
			children = (
				946F44282079751400B9D921 /* Overview */,
				946F44272079750900B9D921 /* General */,
			);
			path = Cell;
			sourceTree = "<group>";
		};
		946F44272079750900B9D921 /* General */ = {
			isa = PBXGroup;
			children = (
				946F44232079750600B9D921 /* DetailGeneralCell.swift */,
				946F44242079750600B9D921 /* DetailGeneralCell.xib */,
			);
			path = General;
			sourceTree = "<group>";
		};
		946F44282079751400B9D921 /* Overview */ = {
			isa = PBXGroup;
			children = (
				946F441E207974A400B9D921 /* DetailOverviewCell.swift */,
				946F441F207974A400B9D921 /* DetailOverviewCell.xib */,
			);
			path = Overview;
			sourceTree = "<group>";
		};
		F2DAFA779AE86DBD10DC6538 /* Pods */ = {
			isa = PBXGroup;
			children = (
				293D01E510C5F738F742F436 /* Pods-Pots.debug.xcconfig */,
				C71DA9D4CF99F6DB528E5FEB /* Pods-Pots.release.xcconfig */,
				F160A2BB33F6918D4887A8CC /* Pods-PotsTests.debug.xcconfig */,
				92129C76D017D3056BF7E6A7 /* Pods-PotsTests.release.xcconfig */,
				C88C5960F8EDB338816968FD /* Pods-PotsUITests.debug.xcconfig */,
				BB209C5415F5014C669A2DF1 /* Pods-PotsUITests.release.xcconfig */,
			);
			name = Pods;
			sourceTree = "<group>";
		};
/* End PBXGroup section */

/* Begin PBXNativeTarget section */
		94139DD52078C198001A6491 /* Pots */ = {
			isa = PBXNativeTarget;
			buildConfigurationList = 94139DFE2078C199001A6491 /* Build configuration list for PBXNativeTarget "Pots" */;
			buildPhases = (
				6268C0CFE0C028A181B35EBF /* [CP] Check Pods Manifest.lock */,
				94139DD22078C198001A6491 /* Sources */,
				94139DD32078C198001A6491 /* Frameworks */,
				94139DD42078C198001A6491 /* Resources */,
				E5FDC6835263197E7259E554 /* [CP] Embed Pods Frameworks */,
				5866947CC48C6EBCE5CCB29F /* [CP] Copy Pods Resources */,
			);
			buildRules = (
			);
			dependencies = (
			);
			name = Pots;
			productName = Pots;
			productReference = 94139DD62078C198001A6491 /* Pots.app */;
			productType = "com.apple.product-type.application";
		};
		94139DE92078C199001A6491 /* PotsTests */ = {
			isa = PBXNativeTarget;
			buildConfigurationList = 94139E012078C199001A6491 /* Build configuration list for PBXNativeTarget "PotsTests" */;
			buildPhases = (
				A74F8B9F3EF61508DACCD3C6 /* [CP] Check Pods Manifest.lock */,
				94139DE62078C199001A6491 /* Sources */,
				94139DE72078C199001A6491 /* Frameworks */,
				94139DE82078C199001A6491 /* Resources */,
				E072A3167DC87C5A1BD45FA4 /* [CP] Embed Pods Frameworks */,
				BABAC2FF2C95083E2D62B8D8 /* [CP] Copy Pods Resources */,
			);
			buildRules = (
			);
			dependencies = (
				94139DEC2078C199001A6491 /* PBXTargetDependency */,
			);
			name = PotsTests;
			productName = PotsTests;
			productReference = 94139DEA2078C199001A6491 /* PotsTests.xctest */;
			productType = "com.apple.product-type.bundle.unit-test";
		};
		94139DF42078C199001A6491 /* PotsUITests */ = {
			isa = PBXNativeTarget;
			buildConfigurationList = 94139E042078C199001A6491 /* Build configuration list for PBXNativeTarget "PotsUITests" */;
			buildPhases = (
				64189FEDAE497E12048949A3 /* [CP] Check Pods Manifest.lock */,
				94139DF12078C199001A6491 /* Sources */,
				94139DF22078C199001A6491 /* Frameworks */,
				94139DF32078C199001A6491 /* Resources */,
				E17502192D58640284267B26 /* [CP] Embed Pods Frameworks */,
				32FE2D2DD3EF381020D97F39 /* [CP] Copy Pods Resources */,
			);
			buildRules = (
			);
			dependencies = (
				94139DF72078C199001A6491 /* PBXTargetDependency */,
			);
			name = PotsUITests;
			productName = PotsUITests;
			productReference = 94139DF52078C199001A6491 /* PotsUITests.xctest */;
			productType = "com.apple.product-type.bundle.ui-testing";
		};
/* End PBXNativeTarget section */

/* Begin PBXProject section */
		94139DCE2078C198001A6491 /* Project object */ = {
			isa = PBXProject;
			attributes = {
				LastSwiftUpdateCheck = 0920;
				LastUpgradeCheck = 0920;
				ORGANIZATIONNAME = pots;
				TargetAttributes = {
					94139DD52078C198001A6491 = {
						CreatedOnToolsVersion = 9.2;
						ProvisioningStyle = Automatic;
					};
					94139DE92078C199001A6491 = {
						CreatedOnToolsVersion = 9.2;
						ProvisioningStyle = Automatic;
						TestTargetID = 94139DD52078C198001A6491;
					};
					94139DF42078C199001A6491 = {
						CreatedOnToolsVersion = 9.2;
						ProvisioningStyle = Automatic;
						TestTargetID = 94139DD52078C198001A6491;
					};
				};
			};
			buildConfigurationList = 94139DD12078C198001A6491 /* Build configuration list for PBXProject "Pots" */;
			compatibilityVersion = "Xcode 8.0";
			developmentRegion = en;
			hasScannedForEncodings = 0;
			knownRegions = (
				en,
				Base,
			);
			mainGroup = 94139DCD2078C198001A6491;
			productRefGroup = 94139DD72078C198001A6491 /* Products */;
			projectDirPath = "";
			projectRoot = "";
			targets = (
				94139DD52078C198001A6491 /* Pots */,
				94139DE92078C199001A6491 /* PotsTests */,
				94139DF42078C199001A6491 /* PotsUITests */,
			);
		};
/* End PBXProject section */

/* Begin PBXResourcesBuildPhase section */
		94139DD42078C198001A6491 /* Resources */ = {
			isa = PBXResourcesBuildPhase;
			buildActionMask = 2147483647;
			files = (
				2714067F20798A5900B45808 /* NumPad.xib in Resources */,
				946F44182079626900B9D921 /* ContributorsView.xib in Resources */,
				94139DE42078C198001A6491 /* LaunchScreen.storyboard in Resources */,
				94139DE12078C198001A6491 /* Assets.xcassets in Resources */,
				94139DDF2078C198001A6491 /* Main.storyboard in Resources */,
				946F4421207974A400B9D921 /* DetailOverviewCell.xib in Resources */,
				946F441D2079745600B9D921 /* HomeDetail.storyboard in Resources */,
				94139E0A2078C46A001A6491 /* HomeGeneralCell.xib in Resources */,
				946F44262079750600B9D921 /* DetailGeneralCell.xib in Resources */,
			);
			runOnlyForDeploymentPostprocessing = 0;
		};
		94139DE82078C199001A6491 /* Resources */ = {
			isa = PBXResourcesBuildPhase;
			buildActionMask = 2147483647;
			files = (
			);
			runOnlyForDeploymentPostprocessing = 0;
		};
		94139DF32078C199001A6491 /* Resources */ = {
			isa = PBXResourcesBuildPhase;
			buildActionMask = 2147483647;
			files = (
			);
			runOnlyForDeploymentPostprocessing = 0;
		};
/* End PBXResourcesBuildPhase section */

/* Begin PBXShellScriptBuildPhase section */
		32FE2D2DD3EF381020D97F39 /* [CP] Copy Pods Resources */ = {
			isa = PBXShellScriptBuildPhase;
			buildActionMask = 2147483647;
			files = (
			);
			inputPaths = (
			);
			name = "[CP] Copy Pods Resources";
			outputPaths = (
			);
			runOnlyForDeploymentPostprocessing = 0;
			shellPath = /bin/sh;
			shellScript = "\"${SRCROOT}/Pods/Target Support Files/Pods-PotsUITests/Pods-PotsUITests-resources.sh\"\n";
			showEnvVarsInLog = 0;
		};
		5866947CC48C6EBCE5CCB29F /* [CP] Copy Pods Resources */ = {
			isa = PBXShellScriptBuildPhase;
			buildActionMask = 2147483647;
			files = (
			);
			inputPaths = (
			);
			name = "[CP] Copy Pods Resources";
			outputPaths = (
			);
			runOnlyForDeploymentPostprocessing = 0;
			shellPath = /bin/sh;
			shellScript = "\"${SRCROOT}/Pods/Target Support Files/Pods-Pots/Pods-Pots-resources.sh\"\n";
			showEnvVarsInLog = 0;
		};
		6268C0CFE0C028A181B35EBF /* [CP] Check Pods Manifest.lock */ = {
			isa = PBXShellScriptBuildPhase;
			buildActionMask = 2147483647;
			files = (
			);
			inputPaths = (
				"${PODS_PODFILE_DIR_PATH}/Podfile.lock",
				"${PODS_ROOT}/Manifest.lock",
			);
			name = "[CP] Check Pods Manifest.lock";
			outputPaths = (
				"$(DERIVED_FILE_DIR)/Pods-Pots-checkManifestLockResult.txt",
			);
			runOnlyForDeploymentPostprocessing = 0;
			shellPath = /bin/sh;
			shellScript = "diff \"${PODS_PODFILE_DIR_PATH}/Podfile.lock\" \"${PODS_ROOT}/Manifest.lock\" > /dev/null\nif [ $? != 0 ] ; then\n    # print error to STDERR\n    echo \"error: The sandbox is not in sync with the Podfile.lock. Run 'pod install' or update your CocoaPods installation.\" >&2\n    exit 1\nfi\n# This output is used by Xcode 'outputs' to avoid re-running this script phase.\necho \"SUCCESS\" > \"${SCRIPT_OUTPUT_FILE_0}\"\n";
			showEnvVarsInLog = 0;
		};
		64189FEDAE497E12048949A3 /* [CP] Check Pods Manifest.lock */ = {
			isa = PBXShellScriptBuildPhase;
			buildActionMask = 2147483647;
			files = (
			);
			inputPaths = (
				"${PODS_PODFILE_DIR_PATH}/Podfile.lock",
				"${PODS_ROOT}/Manifest.lock",
			);
			name = "[CP] Check Pods Manifest.lock";
			outputPaths = (
				"$(DERIVED_FILE_DIR)/Pods-PotsUITests-checkManifestLockResult.txt",
			);
			runOnlyForDeploymentPostprocessing = 0;
			shellPath = /bin/sh;
			shellScript = "diff \"${PODS_PODFILE_DIR_PATH}/Podfile.lock\" \"${PODS_ROOT}/Manifest.lock\" > /dev/null\nif [ $? != 0 ] ; then\n    # print error to STDERR\n    echo \"error: The sandbox is not in sync with the Podfile.lock. Run 'pod install' or update your CocoaPods installation.\" >&2\n    exit 1\nfi\n# This output is used by Xcode 'outputs' to avoid re-running this script phase.\necho \"SUCCESS\" > \"${SCRIPT_OUTPUT_FILE_0}\"\n";
			showEnvVarsInLog = 0;
		};
		A74F8B9F3EF61508DACCD3C6 /* [CP] Check Pods Manifest.lock */ = {
			isa = PBXShellScriptBuildPhase;
			buildActionMask = 2147483647;
			files = (
			);
			inputPaths = (
				"${PODS_PODFILE_DIR_PATH}/Podfile.lock",
				"${PODS_ROOT}/Manifest.lock",
			);
			name = "[CP] Check Pods Manifest.lock";
			outputPaths = (
				"$(DERIVED_FILE_DIR)/Pods-PotsTests-checkManifestLockResult.txt",
			);
			runOnlyForDeploymentPostprocessing = 0;
			shellPath = /bin/sh;
			shellScript = "diff \"${PODS_PODFILE_DIR_PATH}/Podfile.lock\" \"${PODS_ROOT}/Manifest.lock\" > /dev/null\nif [ $? != 0 ] ; then\n    # print error to STDERR\n    echo \"error: The sandbox is not in sync with the Podfile.lock. Run 'pod install' or update your CocoaPods installation.\" >&2\n    exit 1\nfi\n# This output is used by Xcode 'outputs' to avoid re-running this script phase.\necho \"SUCCESS\" > \"${SCRIPT_OUTPUT_FILE_0}\"\n";
			showEnvVarsInLog = 0;
		};
		BABAC2FF2C95083E2D62B8D8 /* [CP] Copy Pods Resources */ = {
			isa = PBXShellScriptBuildPhase;
			buildActionMask = 2147483647;
			files = (
			);
			inputPaths = (
			);
			name = "[CP] Copy Pods Resources";
			outputPaths = (
			);
			runOnlyForDeploymentPostprocessing = 0;
			shellPath = /bin/sh;
			shellScript = "\"${SRCROOT}/Pods/Target Support Files/Pods-PotsTests/Pods-PotsTests-resources.sh\"\n";
			showEnvVarsInLog = 0;
		};
		E072A3167DC87C5A1BD45FA4 /* [CP] Embed Pods Frameworks */ = {
			isa = PBXShellScriptBuildPhase;
			buildActionMask = 2147483647;
			files = (
			);
			inputPaths = (
			);
			name = "[CP] Embed Pods Frameworks";
			outputPaths = (
			);
			runOnlyForDeploymentPostprocessing = 0;
			shellPath = /bin/sh;
			shellScript = "\"${SRCROOT}/Pods/Target Support Files/Pods-PotsTests/Pods-PotsTests-frameworks.sh\"\n";
			showEnvVarsInLog = 0;
		};
		E17502192D58640284267B26 /* [CP] Embed Pods Frameworks */ = {
			isa = PBXShellScriptBuildPhase;
			buildActionMask = 2147483647;
			files = (
			);
			inputPaths = (
			);
			name = "[CP] Embed Pods Frameworks";
			outputPaths = (
			);
			runOnlyForDeploymentPostprocessing = 0;
			shellPath = /bin/sh;
			shellScript = "\"${SRCROOT}/Pods/Target Support Files/Pods-PotsUITests/Pods-PotsUITests-frameworks.sh\"\n";
			showEnvVarsInLog = 0;
		};
		E5FDC6835263197E7259E554 /* [CP] Embed Pods Frameworks */ = {
			isa = PBXShellScriptBuildPhase;
			buildActionMask = 2147483647;
			files = (
			);
			inputPaths = (
				"${SRCROOT}/Pods/Target Support Files/Pods-Pots/Pods-Pots-frameworks.sh",
				"${BUILT_PRODUCTS_DIR}/Alamofire/Alamofire.framework",
				"${BUILT_PRODUCTS_DIR}/PubNub/PubNub.framework",
				"${BUILT_PRODUCTS_DIR}/SVProgressHUD/SVProgressHUD.framework",
			);
			name = "[CP] Embed Pods Frameworks";
			outputPaths = (
				"${TARGET_BUILD_DIR}/${FRAMEWORKS_FOLDER_PATH}/Alamofire.framework",
				"${TARGET_BUILD_DIR}/${FRAMEWORKS_FOLDER_PATH}/PubNub.framework",
				"${TARGET_BUILD_DIR}/${FRAMEWORKS_FOLDER_PATH}/SVProgressHUD.framework",
			);
			runOnlyForDeploymentPostprocessing = 0;
			shellPath = /bin/sh;
			shellScript = "\"${SRCROOT}/Pods/Target Support Files/Pods-Pots/Pods-Pots-frameworks.sh\"\n";
			showEnvVarsInLog = 0;
		};
/* End PBXShellScriptBuildPhase section */

/* Begin PBXSourcesBuildPhase section */
		94139DD22078C198001A6491 /* Sources */ = {
			isa = PBXSourcesBuildPhase;
			buildActionMask = 2147483647;
			files = (
				072F182C2079A3260011CE47 /* RoundButton.swift in Sources */,
				94139E092078C46A001A6491 /* HomeGeneralCell.swift in Sources */,
				946F44112078DA9A00B9D921 /* AddPriceVC.swift in Sources */,
				2714067D207988FF00B45808 /* Keyboard.swift in Sources */,
				94139DDC2078C198001A6491 /* HomeVC.swift in Sources */,
				946F440D2078D9A900B9D921 /* PostVC.swift in Sources */,
				94139DDA2078C198001A6491 /* AppDelegate.swift in Sources */,
				946F4420207974A400B9D921 /* DetailOverviewCell.swift in Sources */,
				946F44142078DC9E00B9D921 /* PotDetailVC.swift in Sources */,
				946F441A2079636A00B9D921 /* ContributorsView.swift in Sources */,
				27F0F0D6207A69C100E9ED69 /* ProfileViewController.swift in Sources */,
				072F182B2079A3260011CE47 /* CardView.swift in Sources */,
				946F44252079750600B9D921 /* DetailGeneralCell.swift in Sources */,
			);
			runOnlyForDeploymentPostprocessing = 0;
		};
		94139DE62078C199001A6491 /* Sources */ = {
			isa = PBXSourcesBuildPhase;
			buildActionMask = 2147483647;
			files = (
				94139DEF2078C199001A6491 /* PotsTests.swift in Sources */,
			);
			runOnlyForDeploymentPostprocessing = 0;
		};
		94139DF12078C199001A6491 /* Sources */ = {
			isa = PBXSourcesBuildPhase;
			buildActionMask = 2147483647;
			files = (
				94139DFA2078C199001A6491 /* PotsUITests.swift in Sources */,
			);
			runOnlyForDeploymentPostprocessing = 0;
		};
/* End PBXSourcesBuildPhase section */

/* Begin PBXTargetDependency section */
		94139DEC2078C199001A6491 /* PBXTargetDependency */ = {
			isa = PBXTargetDependency;
			target = 94139DD52078C198001A6491 /* Pots */;
			targetProxy = 94139DEB2078C199001A6491 /* PBXContainerItemProxy */;
		};
		94139DF72078C199001A6491 /* PBXTargetDependency */ = {
			isa = PBXTargetDependency;
			target = 94139DD52078C198001A6491 /* Pots */;
			targetProxy = 94139DF62078C199001A6491 /* PBXContainerItemProxy */;
		};
/* End PBXTargetDependency section */

/* Begin PBXVariantGroup section */
		94139DDD2078C198001A6491 /* Main.storyboard */ = {
			isa = PBXVariantGroup;
			children = (
				94139DDE2078C198001A6491 /* Base */,
			);
			name = Main.storyboard;
			sourceTree = "<group>";
		};
		94139DE22078C198001A6491 /* LaunchScreen.storyboard */ = {
			isa = PBXVariantGroup;
			children = (
				94139DE32078C198001A6491 /* Base */,
			);
			name = LaunchScreen.storyboard;
			sourceTree = "<group>";
		};
		946F441B2079745600B9D921 /* HomeDetail.storyboard */ = {
			isa = PBXVariantGroup;
			children = (
				946F441C2079745600B9D921 /* Base */,
			);
			name = HomeDetail.storyboard;
			sourceTree = "<group>";
		};
/* End PBXVariantGroup section */

/* Begin XCBuildConfiguration section */
		94139DFC2078C199001A6491 /* Debug */ = {
			isa = XCBuildConfiguration;
			buildSettings = {
				ALWAYS_SEARCH_USER_PATHS = NO;
				CLANG_ANALYZER_NONNULL = YES;
				CLANG_ANALYZER_NUMBER_OBJECT_CONVERSION = YES_AGGRESSIVE;
				CLANG_CXX_LANGUAGE_STANDARD = "gnu++14";
				CLANG_CXX_LIBRARY = "libc++";
				CLANG_ENABLE_MODULES = YES;
				CLANG_ENABLE_OBJC_ARC = YES;
				CLANG_WARN_BLOCK_CAPTURE_AUTORELEASING = YES;
				CLANG_WARN_BOOL_CONVERSION = YES;
				CLANG_WARN_COMMA = YES;
				CLANG_WARN_CONSTANT_CONVERSION = YES;
				CLANG_WARN_DIRECT_OBJC_ISA_USAGE = YES_ERROR;
				CLANG_WARN_DOCUMENTATION_COMMENTS = YES;
				CLANG_WARN_EMPTY_BODY = YES;
				CLANG_WARN_ENUM_CONVERSION = YES;
				CLANG_WARN_INFINITE_RECURSION = YES;
				CLANG_WARN_INT_CONVERSION = YES;
				CLANG_WARN_NON_LITERAL_NULL_CONVERSION = YES;
				CLANG_WARN_OBJC_LITERAL_CONVERSION = YES;
				CLANG_WARN_OBJC_ROOT_CLASS = YES_ERROR;
				CLANG_WARN_RANGE_LOOP_ANALYSIS = YES;
				CLANG_WARN_STRICT_PROTOTYPES = YES;
				CLANG_WARN_SUSPICIOUS_MOVE = YES;
				CLANG_WARN_UNGUARDED_AVAILABILITY = YES_AGGRESSIVE;
				CLANG_WARN_UNREACHABLE_CODE = YES;
				CLANG_WARN__DUPLICATE_METHOD_MATCH = YES;
				CODE_SIGN_IDENTITY = "iPhone Developer";
				COPY_PHASE_STRIP = NO;
				DEBUG_INFORMATION_FORMAT = dwarf;
				ENABLE_STRICT_OBJC_MSGSEND = YES;
				ENABLE_TESTABILITY = YES;
				GCC_C_LANGUAGE_STANDARD = gnu11;
				GCC_DYNAMIC_NO_PIC = NO;
				GCC_NO_COMMON_BLOCKS = YES;
				GCC_OPTIMIZATION_LEVEL = 0;
				GCC_PREPROCESSOR_DEFINITIONS = (
					"DEBUG=1",
					"$(inherited)",
				);
				GCC_WARN_64_TO_32_BIT_CONVERSION = YES;
				GCC_WARN_ABOUT_RETURN_TYPE = YES_ERROR;
				GCC_WARN_UNDECLARED_SELECTOR = YES;
				GCC_WARN_UNINITIALIZED_AUTOS = YES_AGGRESSIVE;
				GCC_WARN_UNUSED_FUNCTION = YES;
				GCC_WARN_UNUSED_VARIABLE = YES;
				IPHONEOS_DEPLOYMENT_TARGET = 11.2;
				MTL_ENABLE_DEBUG_INFO = YES;
				ONLY_ACTIVE_ARCH = YES;
				SDKROOT = iphoneos;
				SWIFT_ACTIVE_COMPILATION_CONDITIONS = DEBUG;
				SWIFT_OPTIMIZATION_LEVEL = "-Onone";
			};
			name = Debug;
		};
		94139DFD2078C199001A6491 /* Release */ = {
			isa = XCBuildConfiguration;
			buildSettings = {
				ALWAYS_SEARCH_USER_PATHS = NO;
				CLANG_ANALYZER_NONNULL = YES;
				CLANG_ANALYZER_NUMBER_OBJECT_CONVERSION = YES_AGGRESSIVE;
				CLANG_CXX_LANGUAGE_STANDARD = "gnu++14";
				CLANG_CXX_LIBRARY = "libc++";
				CLANG_ENABLE_MODULES = YES;
				CLANG_ENABLE_OBJC_ARC = YES;
				CLANG_WARN_BLOCK_CAPTURE_AUTORELEASING = YES;
				CLANG_WARN_BOOL_CONVERSION = YES;
				CLANG_WARN_COMMA = YES;
				CLANG_WARN_CONSTANT_CONVERSION = YES;
				CLANG_WARN_DIRECT_OBJC_ISA_USAGE = YES_ERROR;
				CLANG_WARN_DOCUMENTATION_COMMENTS = YES;
				CLANG_WARN_EMPTY_BODY = YES;
				CLANG_WARN_ENUM_CONVERSION = YES;
				CLANG_WARN_INFINITE_RECURSION = YES;
				CLANG_WARN_INT_CONVERSION = YES;
				CLANG_WARN_NON_LITERAL_NULL_CONVERSION = YES;
				CLANG_WARN_OBJC_LITERAL_CONVERSION = YES;
				CLANG_WARN_OBJC_ROOT_CLASS = YES_ERROR;
				CLANG_WARN_RANGE_LOOP_ANALYSIS = YES;
				CLANG_WARN_STRICT_PROTOTYPES = YES;
				CLANG_WARN_SUSPICIOUS_MOVE = YES;
				CLANG_WARN_UNGUARDED_AVAILABILITY = YES_AGGRESSIVE;
				CLANG_WARN_UNREACHABLE_CODE = YES;
				CLANG_WARN__DUPLICATE_METHOD_MATCH = YES;
				CODE_SIGN_IDENTITY = "iPhone Developer";
				COPY_PHASE_STRIP = NO;
				DEBUG_INFORMATION_FORMAT = "dwarf-with-dsym";
				ENABLE_NS_ASSERTIONS = NO;
				ENABLE_STRICT_OBJC_MSGSEND = YES;
				GCC_C_LANGUAGE_STANDARD = gnu11;
				GCC_NO_COMMON_BLOCKS = YES;
				GCC_WARN_64_TO_32_BIT_CONVERSION = YES;
				GCC_WARN_ABOUT_RETURN_TYPE = YES_ERROR;
				GCC_WARN_UNDECLARED_SELECTOR = YES;
				GCC_WARN_UNINITIALIZED_AUTOS = YES_AGGRESSIVE;
				GCC_WARN_UNUSED_FUNCTION = YES;
				GCC_WARN_UNUSED_VARIABLE = YES;
				IPHONEOS_DEPLOYMENT_TARGET = 11.2;
				MTL_ENABLE_DEBUG_INFO = NO;
				SDKROOT = iphoneos;
				SWIFT_OPTIMIZATION_LEVEL = "-Owholemodule";
				VALIDATE_PRODUCT = YES;
			};
			name = Release;
		};
		94139DFF2078C199001A6491 /* Debug */ = {
			isa = XCBuildConfiguration;
			baseConfigurationReference = 293D01E510C5F738F742F436 /* Pods-Pots.debug.xcconfig */;
			buildSettings = {
				ASSETCATALOG_COMPILER_APPICON_NAME = AppIcon;
				CODE_SIGN_STYLE = Automatic;
				DEVELOPMENT_TEAM = Q9W7R324HX;
				INFOPLIST_FILE = Pots/Info.plist;
				LD_RUNPATH_SEARCH_PATHS = "$(inherited) @executable_path/Frameworks";
				PRODUCT_BUNDLE_IDENTIFIER = com.Pots.Pots;
				PRODUCT_NAME = "$(TARGET_NAME)";
				SWIFT_OBJC_BRIDGING_HEADER = "Pots-Bridging-Header.h";
				SWIFT_VERSION = 4.0;
				TARGETED_DEVICE_FAMILY = 1;
			};
			name = Debug;
		};
		94139E002078C199001A6491 /* Release */ = {
			isa = XCBuildConfiguration;
			baseConfigurationReference = C71DA9D4CF99F6DB528E5FEB /* Pods-Pots.release.xcconfig */;
			buildSettings = {
				ASSETCATALOG_COMPILER_APPICON_NAME = AppIcon;
				CODE_SIGN_STYLE = Automatic;
				DEVELOPMENT_TEAM = Q9W7R324HX;
				INFOPLIST_FILE = Pots/Info.plist;
				LD_RUNPATH_SEARCH_PATHS = "$(inherited) @executable_path/Frameworks";
				PRODUCT_BUNDLE_IDENTIFIER = com.Pots.Pots;
				PRODUCT_NAME = "$(TARGET_NAME)";
				SWIFT_OBJC_BRIDGING_HEADER = "Pots-Bridging-Header.h";
				SWIFT_VERSION = 4.0;
				TARGETED_DEVICE_FAMILY = 1;
			};
			name = Release;
		};
		94139E022078C199001A6491 /* Debug */ = {
			isa = XCBuildConfiguration;
			baseConfigurationReference = F160A2BB33F6918D4887A8CC /* Pods-PotsTests.debug.xcconfig */;
			buildSettings = {
				ALWAYS_EMBED_SWIFT_STANDARD_LIBRARIES = YES;
				BUNDLE_LOADER = "$(TEST_HOST)";
				CODE_SIGN_STYLE = Automatic;
				DEVELOPMENT_TEAM = Q9W7R324HX;
				INFOPLIST_FILE = PotsTests/Info.plist;
				LD_RUNPATH_SEARCH_PATHS = "$(inherited) @executable_path/Frameworks @loader_path/Frameworks";
				PRODUCT_BUNDLE_IDENTIFIER = com.Pots.PotsTests;
				PRODUCT_NAME = "$(TARGET_NAME)";
				SWIFT_VERSION = 4.0;
				TARGETED_DEVICE_FAMILY = "1,2";
				TEST_HOST = "$(BUILT_PRODUCTS_DIR)/Pots.app/Pots";
			};
			name = Debug;
		};
		94139E032078C199001A6491 /* Release */ = {
			isa = XCBuildConfiguration;
			baseConfigurationReference = 92129C76D017D3056BF7E6A7 /* Pods-PotsTests.release.xcconfig */;
			buildSettings = {
				ALWAYS_EMBED_SWIFT_STANDARD_LIBRARIES = YES;
				BUNDLE_LOADER = "$(TEST_HOST)";
				CODE_SIGN_STYLE = Automatic;
				DEVELOPMENT_TEAM = Q9W7R324HX;
				INFOPLIST_FILE = PotsTests/Info.plist;
				LD_RUNPATH_SEARCH_PATHS = "$(inherited) @executable_path/Frameworks @loader_path/Frameworks";
				PRODUCT_BUNDLE_IDENTIFIER = com.Pots.PotsTests;
				PRODUCT_NAME = "$(TARGET_NAME)";
				SWIFT_VERSION = 4.0;
				TARGETED_DEVICE_FAMILY = "1,2";
				TEST_HOST = "$(BUILT_PRODUCTS_DIR)/Pots.app/Pots";
			};
			name = Release;
		};
		94139E052078C199001A6491 /* Debug */ = {
			isa = XCBuildConfiguration;
			baseConfigurationReference = C88C5960F8EDB338816968FD /* Pods-PotsUITests.debug.xcconfig */;
			buildSettings = {
				ALWAYS_EMBED_SWIFT_STANDARD_LIBRARIES = YES;
				CODE_SIGN_STYLE = Automatic;
				DEVELOPMENT_TEAM = Q9W7R324HX;
				INFOPLIST_FILE = PotsUITests/Info.plist;
				LD_RUNPATH_SEARCH_PATHS = "$(inherited) @executable_path/Frameworks @loader_path/Frameworks";
				PRODUCT_BUNDLE_IDENTIFIER = com.Pots.PotsUITests;
				PRODUCT_NAME = "$(TARGET_NAME)";
				SWIFT_VERSION = 4.0;
				TARGETED_DEVICE_FAMILY = "1,2";
				TEST_TARGET_NAME = Pots;
			};
			name = Debug;
		};
		94139E062078C199001A6491 /* Release */ = {
			isa = XCBuildConfiguration;
			baseConfigurationReference = BB209C5415F5014C669A2DF1 /* Pods-PotsUITests.release.xcconfig */;
			buildSettings = {
				ALWAYS_EMBED_SWIFT_STANDARD_LIBRARIES = YES;
				CODE_SIGN_STYLE = Automatic;
				DEVELOPMENT_TEAM = Q9W7R324HX;
				INFOPLIST_FILE = PotsUITests/Info.plist;
				LD_RUNPATH_SEARCH_PATHS = "$(inherited) @executable_path/Frameworks @loader_path/Frameworks";
				PRODUCT_BUNDLE_IDENTIFIER = com.Pots.PotsUITests;
				PRODUCT_NAME = "$(TARGET_NAME)";
				SWIFT_VERSION = 4.0;
				TARGETED_DEVICE_FAMILY = "1,2";
				TEST_TARGET_NAME = Pots;
			};
			name = Release;
		};
/* End XCBuildConfiguration section */

/* Begin XCConfigurationList section */
		94139DD12078C198001A6491 /* Build configuration list for PBXProject "Pots" */ = {
			isa = XCConfigurationList;
			buildConfigurations = (
				94139DFC2078C199001A6491 /* Debug */,
				94139DFD2078C199001A6491 /* Release */,
			);
			defaultConfigurationIsVisible = 0;
			defaultConfigurationName = Release;
		};
		94139DFE2078C199001A6491 /* Build configuration list for PBXNativeTarget "Pots" */ = {
			isa = XCConfigurationList;
			buildConfigurations = (
				94139DFF2078C199001A6491 /* Debug */,
				94139E002078C199001A6491 /* Release */,
			);
			defaultConfigurationIsVisible = 0;
			defaultConfigurationName = Release;
		};
		94139E012078C199001A6491 /* Build configuration list for PBXNativeTarget "PotsTests" */ = {
			isa = XCConfigurationList;
			buildConfigurations = (
				94139E022078C199001A6491 /* Debug */,
				94139E032078C199001A6491 /* Release */,
			);
			defaultConfigurationIsVisible = 0;
			defaultConfigurationName = Release;
		};
		94139E042078C199001A6491 /* Build configuration list for PBXNativeTarget "PotsUITests" */ = {
			isa = XCConfigurationList;
			buildConfigurations = (
				94139E052078C199001A6491 /* Debug */,
				94139E062078C199001A6491 /* Release */,
			);
			defaultConfigurationIsVisible = 0;
			defaultConfigurationName = Release;
		};
/* End XCConfigurationList section */
	};
	rootObject = 94139DCE2078C198001A6491 /* Project object */;
}
